
Microsoft Visual Studio Solution File, Format Version 12.00
# Visual Studio Version 17
VisualStudioVersion = 17.9.34728.123
MinimumVisualStudioVersion = 10.0.40219.1
Project("{FAE04EC0-301F-11D3-BF4B-00C04F79EFBC}") = "Pets", "Pets\Pets.csproj", "{17FE8E8C-69CB-44BF-9846-76316842AA9C}"
EndProject
Global
	GlobalSection(SolutionConfigurationPlatforms) = preSolution
		Debug|Any CPU = Debug|Any CPU
		Release|Any CPU = Release|Any CPU
	EndGlobalSection
	GlobalSection(ProjectConfigurationPlatforms) = postSolution
		{17FE8E8C-69CB-44BF-9846-76316842AA9C}.Debug|Any CPU.ActiveCfg = Debug|Any CPU
		{17FE8E8C-69CB-44BF-9846-76316842AA9C}.Debug|Any CPU.Build.0 = Debug|Any CPU
		{17FE8E8C-69CB-44BF-9846-76316842AA9C}.Release|Any CPU.ActiveCfg = Release|Any CPU
		{17FE8E8C-69CB-44BF-9846-76316842AA9C}.Release|Any CPU.Build.0 = Release|Any CPU
	EndGlobalSection
	GlobalSection(SolutionProperties) = preSolution
		HideSolutionNode = FALSE
	EndGlobalSection
	GlobalSection(ExtensibilityGlobals) = postSolution
		SolutionGuid = {9660B98E-CA96-4B1E-B5FC-DCC13664A821}
	EndGlobalSection
EndGlobal
